{
  "originHash" : "769987c7c81ab9c86727ee0a9174185c2594e649d94a754fe54c762e5ae1b210",
  "pins" : [
    {
      "identity" : "swift-pcg-random",
      "kind" : "remoteSourceControl",
      "location" : "https://github.com/paiv/swift-pcg-random.git",
      "state" : {
        "revision" : "6ee084a36650b6ee7b98da50a59e7b654487993d",
        "version" : "2.1.1"
      }
    }
  ],
  "version" : 3
}
